
Microsoft Visual Studio Solution File, Format Version 12.00
# Visual Studio Version 17
VisualStudioVersion = 17.0.31612.314
MinimumVisualStudioVersion = 10.0.40219.1
Project("{FAE04EC0-301F-11D3-BF4B-00C04F79EFBC}") = "ShoppingApp.Client", "ShoppingApp.Client\ShoppingApp.Client.csproj", "{CEBCF8AD-3895-41ED-B19B-BB22D0357C0D}"
EndProject
Project("{FAE04EC0-301F-11D3-BF4B-00C04F79EFBC}") = "ShoppingApp.Service", "ShoppingApp.Tax\ShoppingApp.Service.csproj", "{14C616A9-DF39-407B-9442-C32A1B4A5F58}"
EndProject
Project("{FAE04EC0-301F-11D3-BF4B-00C04F79EFBC}") = "ShoppingApp.Store", "ShoppingApp.Store\ShoppingApp.Store.csproj", "{31B60EEF-D68A-46B3-98C9-9BE37ADACFDA}"
EndProject
Global
	GlobalSection(SolutionConfigurationPlatforms) = preSolution
		Debug|Any CPU = Debug|Any CPU
		Release|Any CPU = Release|Any CPU
	EndGlobalSection
	GlobalSection(ProjectConfigurationPlatforms) = postSolution
		{CEBCF8AD-3895-41ED-B19B-BB22D0357C0D}.Debug|Any CPU.ActiveCfg = Debug|Any CPU
		{CEBCF8AD-3895-41ED-B19B-BB22D0357C0D}.Debug|Any CPU.Build.0 = Debug|Any CPU
		{CEBCF8AD-3895-41ED-B19B-BB22D0357C0D}.Release|Any CPU.ActiveCfg = Release|Any CPU
		{CEBCF8AD-3895-41ED-B19B-BB22D0357C0D}.Release|Any CPU.Build.0 = Release|Any CPU
		{14C616A9-DF39-407B-9442-C32A1B4A5F58}.Debug|Any CPU.ActiveCfg = Debug|Any CPU
		{14C616A9-DF39-407B-9442-C32A1B4A5F58}.Debug|Any CPU.Build.0 = Debug|Any CPU
		{14C616A9-DF39-407B-9442-C32A1B4A5F58}.Release|Any CPU.ActiveCfg = Release|Any CPU
		{14C616A9-DF39-407B-9442-C32A1B4A5F58}.Release|Any CPU.Build.0 = Release|Any CPU
		{31B60EEF-D68A-46B3-98C9-9BE37ADACFDA}.Debug|Any CPU.ActiveCfg = Debug|Any CPU
		{31B60EEF-D68A-46B3-98C9-9BE37ADACFDA}.Debug|Any CPU.Build.0 = Debug|Any CPU
		{31B60EEF-D68A-46B3-98C9-9BE37ADACFDA}.Release|Any CPU.ActiveCfg = Release|Any CPU
		{31B60EEF-D68A-46B3-98C9-9BE37ADACFDA}.Release|Any CPU.Build.0 = Release|Any CPU
	EndGlobalSection
	GlobalSection(SolutionProperties) = preSolution
		HideSolutionNode = FALSE
	EndGlobalSection
	GlobalSection(ExtensibilityGlobals) = postSolution
		SolutionGuid = {525B81D3-C02F-4156-85F8-ABB6D72A0B18}
	EndGlobalSection
EndGlobal
